// !$*UTF8*$!
{
	archiveVersion = 1;
	classes = {
	};
	objectVersion = 46;
	objects = {

/* Begin PBXBuildFile section */
		0621145B0A3A44F415DD9170 /* Pods_WKRecipes.framework in Frameworks */ = {isa = PBXBuildFile; fileRef = 287303CC59AE5E06A3A70E61 /* Pods_WKRecipes.framework */; settings = {ATTRIBUTES = (Weak, ); }; };
		BCACD781A6ED2F4630F1B409 /* Pods_WKRecipesTests.framework in Frameworks */ = {isa = PBXBuildFile; fileRef = B1B2F3FFE6926670B72CD357 /* Pods_WKRecipesTests.framework */; settings = {ATTRIBUTES = (Weak, ); }; };
		E1E389AA1B426D9C006258AC /* AppDelegate.swift in Sources */ = {isa = PBXBuildFile; fileRef = E1E389A91B426D9C006258AC /* AppDelegate.swift */; };
		E1E389AC1B426D9C006258AC /* ViewController.swift in Sources */ = {isa = PBXBuildFile; fileRef = E1E389AB1B426D9C006258AC /* ViewController.swift */; };
		E1E389AF1B426D9C006258AC /* Main.storyboard in Resources */ = {isa = PBXBuildFile; fileRef = E1E389AD1B426D9C006258AC /* Main.storyboard */; };
		E1E389B21B426D9D006258AC /* WKRecipes.xcdatamodeld in Sources */ = {isa = PBXBuildFile; fileRef = E1E389B01B426D9D006258AC /* WKRecipes.xcdatamodeld */; };
		E1E389B41B426D9D006258AC /* Assets.xcassets in Resources */ = {isa = PBXBuildFile; fileRef = E1E389B31B426D9D006258AC /* Assets.xcassets */; };
		E1E389B71B426D9D006258AC /* LaunchScreen.storyboard in Resources */ = {isa = PBXBuildFile; fileRef = E1E389B51B426D9D006258AC /* LaunchScreen.storyboard */; };
		E1E389C21B426D9D006258AC /* WKRecipesTests.swift in Sources */ = {isa = PBXBuildFile; fileRef = E1E389C11B426D9D006258AC /* WKRecipesTests.swift */; };
		E1E389CD1B426D9D006258AC /* WKRecipesUITests.swift in Sources */ = {isa = PBXBuildFile; fileRef = E1E389CC1B426D9D006258AC /* WKRecipesUITests.swift */; };
/* End PBXBuildFile section */

/* Begin PBXContainerItemProxy section */
		E1E389BE1B426D9D006258AC /* PBXContainerItemProxy */ = {
			isa = PBXContainerItemProxy;
			containerPortal = E1E3899E1B426D9C006258AC /* Project object */;
			proxyType = 1;
			remoteGlobalIDString = E1E389A51B426D9C006258AC;
			remoteInfo = WKRecipes;
		};
		E1E389C91B426D9D006258AC /* PBXContainerItemProxy */ = {
			isa = PBXContainerItemProxy;
			containerPortal = E1E3899E1B426D9C006258AC /* Project object */;
			proxyType = 1;
			remoteGlobalIDString = E1E389A51B426D9C006258AC;
			remoteInfo = WKRecipes;
		};
/* End PBXContainerItemProxy section */

/* Begin PBXFileReference section */
		287303CC59AE5E06A3A70E61 /* Pods_WKRecipes.framework */ = {isa = PBXFileReference; explicitFileType = wrapper.framework; includeInIndex = 0; path = Pods_WKRecipes.framework; sourceTree = BUILT_PRODUCTS_DIR; };
		5BA0F9E0BF0C7C6539DB339B /* Pods-WKRecipesTests.release.xcconfig */ = {isa = PBXFileReference; includeInIndex = 1; lastKnownFileType = text.xcconfig; name = "Pods-WKRecipesTests.release.xcconfig"; path = "Pods/Target Support Files/Pods-WKRecipesTests/Pods-WKRecipesTests.release.xcconfig"; sourceTree = "<group>"; };
		87C7937ACE4251EB873AE718 /* Pods-WKRecipesTests.debug.xcconfig */ = {isa = PBXFileReference; includeInIndex = 1; lastKnownFileType = text.xcconfig; name = "Pods-WKRecipesTests.debug.xcconfig"; path = "Pods/Target Support Files/Pods-WKRecipesTests/Pods-WKRecipesTests.debug.xcconfig"; sourceTree = "<group>"; };
		B1B2F3FFE6926670B72CD357 /* Pods_WKRecipesTests.framework */ = {isa = PBXFileReference; explicitFileType = wrapper.framework; includeInIndex = 0; path = Pods_WKRecipesTests.framework; sourceTree = BUILT_PRODUCTS_DIR; };
		B4FFFCB734417532255E82B7 /* Pods-WKRecipes.debug.xcconfig */ = {isa = PBXFileReference; includeInIndex = 1; lastKnownFileType = text.xcconfig; name = "Pods-WKRecipes.debug.xcconfig"; path = "Pods/Target Support Files/Pods-WKRecipes/Pods-WKRecipes.debug.xcconfig"; sourceTree = "<group>"; };
		DE1028BCE698D0813FCD4E8F /* Pods-WKRecipes.release.xcconfig */ = {isa = PBXFileReference; includeInIndex = 1; lastKnownFileType = text.xcconfig; name = "Pods-WKRecipes.release.xcconfig"; path = "Pods/Target Support Files/Pods-WKRecipes/Pods-WKRecipes.release.xcconfig"; sourceTree = "<group>"; };
		E1E389A61B426D9C006258AC /* WKRecipes.app */ = {isa = PBXFileReference; explicitFileType = wrapper.application; includeInIndex = 0; path = WKRecipes.app; sourceTree = BUILT_PRODUCTS_DIR; };
		E1E389A91B426D9C006258AC /* AppDelegate.swift */ = {isa = PBXFileReference; lastKnownFileType = sourcecode.swift; path = AppDelegate.swift; sourceTree = "<group>"; };
		E1E389AB1B426D9C006258AC /* ViewController.swift */ = {isa = PBXFileReference; lastKnownFileType = sourcecode.swift; path = ViewController.swift; sourceTree = "<group>"; };
		E1E389AE1B426D9C006258AC /* Base */ = {isa = PBXFileReference; lastKnownFileType = file.storyboard; name = Base; path = Base.lproj/Main.storyboard; sourceTree = "<group>"; };
		E1E389B11B426D9D006258AC /* WKRecipes.xcdatamodel */ = {isa = PBXFileReference; lastKnownFileType = wrapper.xcdatamodel; path = WKRecipes.xcdatamodel; sourceTree = "<group>"; };
		E1E389B31B426D9D006258AC /* Assets.xcassets */ = {isa = PBXFileReference; lastKnownFileType = folder.assetcatalog; path = Assets.xcassets; sourceTree = "<group>"; };
		E1E389B61B426D9D006258AC /* Base */ = {isa = PBXFileReference; lastKnownFileType = file.storyboard; name = Base; path = Base.lproj/LaunchScreen.storyboard; sourceTree = "<group>"; };
		E1E389B81B426D9D006258AC /* Info.plist */ = {isa = PBXFileReference; lastKnownFileType = text.plist.xml; path = Info.plist; sourceTree = "<group>"; };
		E1E389BD1B426D9D006258AC /* WKRecipesTests.xctest */ = {isa = PBXFileReference; explicitFileType = wrapper.cfbundle; includeInIndex = 0; path = WKRecipesTests.xctest; sourceTree = BUILT_PRODUCTS_DIR; };
		E1E389C11B426D9D006258AC /* WKRecipesTests.swift */ = {isa = PBXFileReference; lastKnownFileType = sourcecode.swift; path = WKRecipesTests.swift; sourceTree = "<group>"; };
		E1E389C31B426D9D006258AC /* Info.plist */ = {isa = PBXFileReference; lastKnownFileType = text.plist.xml; path = Info.plist; sourceTree = "<group>"; };
		E1E389C81B426D9D006258AC /* WKRecipesUITests.xctest */ = {isa = PBXFileReference; explicitFileType = wrapper.cfbundle; includeInIndex = 0; path = WKRecipesUITests.xctest; sourceTree = BUILT_PRODUCTS_DIR; };
		E1E389CC1B426D9D006258AC /* WKRecipesUITests.swift */ = {isa = PBXFileReference; lastKnownFileType = sourcecode.swift; path = WKRecipesUITests.swift; sourceTree = "<group>"; };
		E1E389CE1B426D9D006258AC /* Info.plist */ = {isa = PBXFileReference; lastKnownFileType = text.plist.xml; path = Info.plist; sourceTree = "<group>"; };
/* End PBXFileReference section */

/* Begin PBXFrameworksBuildPhase section */
		E1E389A31B426D9C006258AC /* Frameworks */ = {
			isa = PBXFrameworksBuildPhase;
			buildActionMask = 2147483647;
			files = (
				0621145B0A3A44F415DD9170 /* Pods_WKRecipes.framework in Frameworks */,
			);
			runOnlyForDeploymentPostprocessing = 0;
		};
		E1E389BA1B426D9D006258AC /* Frameworks */ = {
			isa = PBXFrameworksBuildPhase;
			buildActionMask = 2147483647;
			files = (
				BCACD781A6ED2F4630F1B409 /* Pods_WKRecipesTests.framework in Frameworks */,
			);
			runOnlyForDeploymentPostprocessing = 0;
		};
		E1E389C51B426D9D006258AC /* Frameworks */ = {
			isa = PBXFrameworksBuildPhase;
			buildActionMask = 2147483647;
			files = (
			);
			runOnlyForDeploymentPostprocessing = 0;
		};
/* End PBXFrameworksBuildPhase section */

/* Begin PBXGroup section */
		10C90ED6225BDD9FB69B60DB /* Pods */ = {
			isa = PBXGroup;
			children = (
				B4FFFCB734417532255E82B7 /* Pods-WKRecipes.debug.xcconfig */,
				DE1028BCE698D0813FCD4E8F /* Pods-WKRecipes.release.xcconfig */,
				87C7937ACE4251EB873AE718 /* Pods-WKRecipesTests.debug.xcconfig */,
				5BA0F9E0BF0C7C6539DB339B /* Pods-WKRecipesTests.release.xcconfig */,
			);
			name = Pods;
			sourceTree = "<group>";
		};
		E1E3899D1B426D9C006258AC = {
			isa = PBXGroup;
			children = (
				E1E389A81B426D9C006258AC /* WKRecipes */,
				E1E389C01B426D9D006258AC /* WKRecipesTests */,
				E1E389CB1B426D9D006258AC /* WKRecipesUITests */,
				E1E389A71B426D9C006258AC /* Products */,
				10C90ED6225BDD9FB69B60DB /* Pods */,
				E2B21159E8F07CD6F1594D93 /* Frameworks */,
			);
			sourceTree = "<group>";
		};
		E1E389A71B426D9C006258AC /* Products */ = {
			isa = PBXGroup;
			children = (
				E1E389A61B426D9C006258AC /* WKRecipes.app */,
				E1E389BD1B426D9D006258AC /* WKRecipesTests.xctest */,
				E1E389C81B426D9D006258AC /* WKRecipesUITests.xctest */,
			);
			name = Products;
			sourceTree = "<group>";
		};
		E1E389A81B426D9C006258AC /* WKRecipes */ = {
			isa = PBXGroup;
			children = (
				E1E389A91B426D9C006258AC /* AppDelegate.swift */,
				E1E389AB1B426D9C006258AC /* ViewController.swift */,
				E1E389AD1B426D9C006258AC /* Main.storyboard */,
				E1E389B31B426D9D006258AC /* Assets.xcassets */,
				E1E389B51B426D9D006258AC /* LaunchScreen.storyboard */,
				E1E389B81B426D9D006258AC /* Info.plist */,
				E1E389B01B426D9D006258AC /* WKRecipes.xcdatamodeld */,
			);
			path = WKRecipes;
			sourceTree = "<group>";
		};
		E1E389C01B426D9D006258AC /* WKRecipesTests */ = {
			isa = PBXGroup;
			children = (
				E1E389C11B426D9D006258AC /* WKRecipesTests.swift */,
				E1E389C31B426D9D006258AC /* Info.plist */,
			);
			path = WKRecipesTests;
			sourceTree = "<group>";
		};
		E1E389CB1B426D9D006258AC /* WKRecipesUITests */ = {
			isa = PBXGroup;
			children = (
				E1E389CC1B426D9D006258AC /* WKRecipesUITests.swift */,
				E1E389CE1B426D9D006258AC /* Info.plist */,
			);
			path = WKRecipesUITests;
			sourceTree = "<group>";
		};
		E2B21159E8F07CD6F1594D93 /* Frameworks */ = {
			isa = PBXGroup;
			children = (
				287303CC59AE5E06A3A70E61 /* Pods_WKRecipes.framework */,
				B1B2F3FFE6926670B72CD357 /* Pods_WKRecipesTests.framework */,
			);
			name = Frameworks;
			sourceTree = "<group>";
		};
/* End PBXGroup section */

/* Begin PBXNativeTarget section */
		E1E389A51B426D9C006258AC /* WKRecipes */ = {
			isa = PBXNativeTarget;
			buildConfigurationList = E1E389D11B426D9D006258AC /* Build configuration list for PBXNativeTarget "WKRecipes" */;
			buildPhases = (
				A3D961009F8EE8E5391782A7 /* Check Pods Manifest.lock */,
				E1E389A21B426D9C006258AC /* Sources */,
				E1E389A31B426D9C006258AC /* Frameworks */,
				E1E389A41B426D9C006258AC /* Resources */,
				BDC8337F7A1E6FDBCFE66CB8 /* Copy Pods Resources */,
				506D87AD82D474019F8F35AD /* Embed Pods Frameworks */,
			);
			buildRules = (
			);
			dependencies = (
			);
			name = WKRecipes;
			productName = WKRecipes;
			productReference = E1E389A61B426D9C006258AC /* WKRecipes.app */;
			productType = "com.apple.product-type.application";
		};
		E1E389BC1B426D9D006258AC /* WKRecipesTests */ = {
			isa = PBXNativeTarget;
			buildConfigurationList = E1E389D41B426D9D006258AC /* Build configuration list for PBXNativeTarget "WKRecipesTests" */;
			buildPhases = (
				3837C68C81970F69BE796792 /* Check Pods Manifest.lock */,
				E1E389B91B426D9D006258AC /* Sources */,
				E1E389BA1B426D9D006258AC /* Frameworks */,
				E1E389BB1B426D9D006258AC /* Resources */,
				729BE36C0F51348A169EACE4 /* Embed Pods Frameworks */,
				44E5EC54D05DE64237709CFD /* Copy Pods Resources */,
			);
			buildRules = (
			);
			dependencies = (
				E1E389BF1B426D9D006258AC /* PBXTargetDependency */,
			);
			name = WKRecipesTests;
			productName = WKRecipesTests;
			productReference = E1E389BD1B426D9D006258AC /* WKRecipesTests.xctest */;
			productType = "com.apple.product-type.bundle.unit-test";
		};
		E1E389C71B426D9D006258AC /* WKRecipesUITests */ = {
			isa = PBXNativeTarget;
			buildConfigurationList = E1E389D71B426D9D006258AC /* Build configuration list for PBXNativeTarget "WKRecipesUITests" */;
			buildPhases = (
				E1E389C41B426D9D006258AC /* Sources */,
				E1E389C51B426D9D006258AC /* Frameworks */,
				E1E389C61B426D9D006258AC /* Resources */,
			);
			buildRules = (
			);
			dependencies = (
				E1E389CA1B426D9D006258AC /* PBXTargetDependency */,
			);
			name = WKRecipesUITests;
			productName = WKRecipesUITests;
			productReference = E1E389C81B426D9D006258AC /* WKRecipesUITests.xctest */;
			productType = "com.apple.product-type.bundle.ui-testing";
		};
/* End PBXNativeTarget section */

/* Begin PBXProject section */
		E1E3899E1B426D9C006258AC /* Project object */ = {
			isa = PBXProject;
			attributes = {
				LastUpgradeCheck = 0700;
				ORGANIZATIONNAME = llv23;
				TargetAttributes = {
					E1E389A51B426D9C006258AC = {
						CreatedOnToolsVersion = 7.0;
						DevelopmentTeam = 84Z8KQ6A9Q;
					};
					E1E389BC1B426D9D006258AC = {
						CreatedOnToolsVersion = 7.0;
						TestTargetID = E1E389A51B426D9C006258AC;
					};
					E1E389C71B426D9D006258AC = {
						CreatedOnToolsVersion = 7.0;
						TestTargetID = E1E389A51B426D9C006258AC;
					};
				};
			};
			buildConfigurationList = E1E389A11B426D9C006258AC /* Build configuration list for PBXProject "WKRecipes" */;
			compatibilityVersion = "Xcode 3.2";
			developmentRegion = English;
			hasScannedForEncodings = 0;
			knownRegions = (
				en,
				Base,
			);
			mainGroup = E1E3899D1B426D9C006258AC;
			productRefGroup = E1E389A71B426D9C006258AC /* Products */;
			projectDirPath = "";
			projectRoot = "";
			targets = (
				E1E389A51B426D9C006258AC /* WKRecipes */,
				E1E389BC1B426D9D006258AC /* WKRecipesTests */,
				E1E389C71B426D9D006258AC /* WKRecipesUITests */,
			);
		};
/* End PBXProject section */

/* Begin PBXResourcesBuildPhase section */
		E1E389A41B426D9C006258AC /* Resources */ = {
			isa = PBXResourcesBuildPhase;
			buildActionMask = 2147483647;
			files = (
				E1E389B71B426D9D006258AC /* LaunchScreen.storyboard in Resources */,
				E1E389B41B426D9D006258AC /* Assets.xcassets in Resources */,
				E1E389AF1B426D9C006258AC /* Main.storyboard in Resources */,
			);
			runOnlyForDeploymentPostprocessing = 0;
		};
		E1E389BB1B426D9D006258AC /* Resources */ = {
			isa = PBXResourcesBuildPhase;
			buildActionMask = 2147483647;
			files = (
			);
			runOnlyForDeploymentPostprocessing = 0;
		};
		E1E389C61B426D9D006258AC /* Resources */ = {
			isa = PBXResourcesBuildPhase;
			buildActionMask = 2147483647;
			files = (
			);
			runOnlyForDeploymentPostprocessing = 0;
		};
/* End PBXResourcesBuildPhase section */

/* Begin PBXShellScriptBuildPhase section */
		3837C68C81970F69BE796792 /* Check Pods Manifest.lock */ = {
			isa = PBXShellScriptBuildPhase;
			buildActionMask = 2147483647;
			files = (
			);
			inputPaths = (
			);
			name = "Check Pods Manifest.lock";
			outputPaths = (
			);
			runOnlyForDeploymentPostprocessing = 0;
			shellPath = /bin/sh;
			shellScript = "diff \"${PODS_ROOT}/../Podfile.lock\" \"${PODS_ROOT}/Manifest.lock\" > /dev/null\nif [[ $? != 0 ]] ; then\n    cat << EOM\nerror: The sandbox is not in sync with the Podfile.lock. Run 'pod install' or update your CocoaPods installation.\nEOM\n    exit 1\nfi\n";
			showEnvVarsInLog = 0;
		};
		44E5EC54D05DE64237709CFD /* Copy Pods Resources */ = {
			isa = PBXShellScriptBuildPhase;
			buildActionMask = 2147483647;
			files = (
			);
			inputPaths = (
			);
			name = "Copy Pods Resources";
			outputPaths = (
			);
			runOnlyForDeploymentPostprocessing = 0;
			shellPath = /bin/sh;
			shellScript = "\"${SRCROOT}/Pods/Target Support Files/Pods-WKRecipesTests/Pods-WKRecipesTests-resources.sh\"\n";
			showEnvVarsInLog = 0;
		};
		506D87AD82D474019F8F35AD /* Embed Pods Frameworks */ = {
			isa = PBXShellScriptBuildPhase;
			buildActionMask = 2147483647;
			files = (
			);
			inputPaths = (
			);
			name = "Embed Pods Frameworks";
			outputPaths = (
			);
			runOnlyForDeploymentPostprocessing = 0;
			shellPath = /bin/sh;
			shellScript = "\"${SRCROOT}/Pods/Target Support Files/Pods-WKRecipes/Pods-WKRecipes-frameworks.sh\"\n";
			showEnvVarsInLog = 0;
		};
		729BE36C0F51348A169EACE4 /* Embed Pods Frameworks */ = {
			isa = PBXShellScriptBuildPhase;
			buildActionMask = 2147483647;
			files = (
			);
			inputPaths = (
			);
			name = "Embed Pods Frameworks";
			outputPaths = (
			);
			runOnlyForDeploymentPostprocessing = 0;
			shellPath = /bin/sh;
			shellScript = "\"${SRCROOT}/Pods/Target Support Files/Pods-WKRecipesTests/Pods-WKRecipesTests-frameworks.sh\"\n";
			showEnvVarsInLog = 0;
		};
		A3D961009F8EE8E5391782A7 /* Check Pods Manifest.lock */ = {
			isa = PBXShellScriptBuildPhase;
			buildActionMask = 2147483647;
			files = (
			);
			inputPaths = (
			);
			name = "Check Pods Manifest.lock";
			outputPaths = (
			);
			runOnlyForDeploymentPostprocessing = 0;
			shellPath = /bin/sh;
			shellScript = "diff \"${PODS_ROOT}/../Podfile.lock\" \"${PODS_ROOT}/Manifest.lock\" > /dev/null\nif [[ $? != 0 ]] ; then\n    cat << EOM\nerror: The sandbox is not in sync with the Podfile.lock. Run 'pod install' or update your CocoaPods installation.\nEOM\n    exit 1\nfi\n";
			showEnvVarsInLog = 0;
		};
		BDC8337F7A1E6FDBCFE66CB8 /* Copy Pods Resources */ = {
			isa = PBXShellScriptBuildPhase;
			buildActionMask = 2147483647;
			files = (
			);
			inputPaths = (
			);
			name = "Copy Pods Resources";
			outputPaths = (
			);
			runOnlyForDeploymentPostprocessing = 0;
			shellPath = /bin/sh;
			shellScript = "\"${SRCROOT}/Pods/Target Support Files/Pods-WKRecipes/Pods-WKRecipes-resources.sh\"\n";
			showEnvVarsInLog = 0;
		};
/* End PBXShellScriptBuildPhase section */

/* Begin PBXSourcesBuildPhase section */
		E1E389A21B426D9C006258AC /* Sources */ = {
			isa = PBXSourcesBuildPhase;
			buildActionMask = 2147483647;
			files = (
				E1E389AC1B426D9C006258AC /* ViewController.swift in Sources */,
				E1E389B21B426D9D006258AC /* WKRecipes.xcdatamodeld in Sources */,
				E1E389AA1B426D9C006258AC /* AppDelegate.swift in Sources */,
			);
			runOnlyForDeploymentPostprocessing = 0;
		};
		E1E389B91B426D9D006258AC /* Sources */ = {
			isa = PBXSourcesBuildPhase;
			buildActionMask = 2147483647;
			files = (
				E1E389C21B426D9D006258AC /* WKRecipesTests.swift in Sources */,
			);
			runOnlyForDeploymentPostprocessing = 0;
		};
		E1E389C41B426D9D006258AC /* Sources */ = {
			isa = PBXSourcesBuildPhase;
			buildActionMask = 2147483647;
			files = (
				E1E389CD1B426D9D006258AC /* WKRecipesUITests.swift in Sources */,
			);
			runOnlyForDeploymentPostprocessing = 0;
		};
/* End PBXSourcesBuildPhase section */

/* Begin PBXTargetDependency section */
		E1E389BF1B426D9D006258AC /* PBXTargetDependency */ = {
			isa = PBXTargetDependency;
			target = E1E389A51B426D9C006258AC /* WKRecipes */;
			targetProxy = E1E389BE1B426D9D006258AC /* PBXContainerItemProxy */;
		};
		E1E389CA1B426D9D006258AC /* PBXTargetDependency */ = {
			isa = PBXTargetDependency;
			target = E1E389A51B426D9C006258AC /* WKRecipes */;
			targetProxy = E1E389C91B426D9D006258AC /* PBXContainerItemProxy */;
		};
/* End PBXTargetDependency section */

/* Begin PBXVariantGroup section */
		E1E389AD1B426D9C006258AC /* Main.storyboard */ = {
			isa = PBXVariantGroup;
			children = (
				E1E389AE1B426D9C006258AC /* Base */,
			);
			name = Main.storyboard;
			sourceTree = "<group>";
		};
		E1E389B51B426D9D006258AC /* LaunchScreen.storyboard */ = {
			isa = PBXVariantGroup;
			children = (
				E1E389B61B426D9D006258AC /* Base */,
			);
			name = LaunchScreen.storyboard;
			sourceTree = "<group>";
		};
/* End PBXVariantGroup section */

/* Begin XCBuildConfiguration section */
		E1E389CF1B426D9D006258AC /* Debug */ = {
			isa = XCBuildConfiguration;
			buildSettings = {
				ALWAYS_SEARCH_USER_PATHS = NO;
				CLANG_CXX_LANGUAGE_STANDARD = "gnu++0x";
				CLANG_CXX_LIBRARY = "libc++";
				CLANG_ENABLE_MODULES = YES;
				CLANG_ENABLE_OBJC_ARC = YES;
				CLANG_WARN_BOOL_CONVERSION = YES;
				CLANG_WARN_CONSTANT_CONVERSION = YES;
				CLANG_WARN_DIRECT_OBJC_ISA_USAGE = YES_ERROR;
				CLANG_WARN_EMPTY_BODY = YES;
				CLANG_WARN_ENUM_CONVERSION = YES;
				CLANG_WARN_INT_CONVERSION = YES;
				CLANG_WARN_OBJC_ROOT_CLASS = YES_ERROR;
				CLANG_WARN_UNREACHABLE_CODE = YES;
				CLANG_WARN__DUPLICATE_METHOD_MATCH = YES;
				"CODE_SIGN_IDENTITY[sdk=iphoneos*]" = "iPhone Developer";
				COPY_PHASE_STRIP = NO;
				DEBUG_INFORMATION_FORMAT = dwarf;
				ENABLE_STRICT_OBJC_MSGSEND = YES;
				ENABLE_TESTABILITY = YES;
				GCC_C_LANGUAGE_STANDARD = gnu99;
				GCC_DYNAMIC_NO_PIC = NO;
				GCC_NO_COMMON_BLOCKS = YES;
				GCC_OPTIMIZATION_LEVEL = 0;
				GCC_PREPROCESSOR_DEFINITIONS = (
					"DEBUG=1",
					"$(inherited)",
				);
				GCC_WARN_64_TO_32_BIT_CONVERSION = YES;
				GCC_WARN_ABOUT_RETURN_TYPE = YES_ERROR;
				GCC_WARN_UNDECLARED_SELECTOR = YES;
				GCC_WARN_UNINITIALIZED_AUTOS = YES_AGGRESSIVE;
				GCC_WARN_UNUSED_FUNCTION = YES;
				GCC_WARN_UNUSED_VARIABLE = YES;
				IPHONEOS_DEPLOYMENT_TARGET = 9.0;
				MTL_ENABLE_DEBUG_INFO = YES;
				ONLY_ACTIVE_ARCH = YES;
				SDKROOT = iphoneos;
				SWIFT_OPTIMIZATION_LEVEL = "-Onone";
				TARGETED_DEVICE_FAMILY = "1,2";
			};
			name = Debug;
		};
		E1E389D01B426D9D006258AC /* Release */ = {
			isa = XCBuildConfiguration;
			buildSettings = {
				ALWAYS_SEARCH_USER_PATHS = NO;
				CLANG_CXX_LANGUAGE_STANDARD = "gnu++0x";
				CLANG_CXX_LIBRARY = "libc++";
				CLANG_ENABLE_MODULES = YES;
				CLANG_ENABLE_OBJC_ARC = YES;
				CLANG_WARN_BOOL_CONVERSION = YES;
				CLANG_WARN_CONSTANT_CONVERSION = YES;
				CLANG_WARN_DIRECT_OBJC_ISA_USAGE = YES_ERROR;
				CLANG_WARN_EMPTY_BODY = YES;
				CLANG_WARN_ENUM_CONVERSION = YES;
				CLANG_WARN_INT_CONVERSION = YES;
				CLANG_WARN_OBJC_ROOT_CLASS = YES_ERROR;
				CLANG_WARN_UNREACHABLE_CODE = YES;
				CLANG_WARN__DUPLICATE_METHOD_MATCH = YES;
				"CODE_SIGN_IDENTITY[sdk=iphoneos*]" = "iPhone Developer";
				COPY_PHASE_STRIP = NO;
				DEBUG_INFORMATION_FORMAT = "dwarf-with-dsym";
				ENABLE_NS_ASSERTIONS = NO;
				ENABLE_STRICT_OBJC_MSGSEND = YES;
				GCC_C_LANGUAGE_STANDARD = gnu99;
				GCC_NO_COMMON_BLOCKS = YES;
				GCC_WARN_64_TO_32_BIT_CONVERSION = YES;
				GCC_WARN_ABOUT_RETURN_TYPE = YES_ERROR;
				GCC_WARN_UNDECLARED_SELECTOR = YES;
				GCC_WARN_UNINITIALIZED_AUTOS = YES_AGGRESSIVE;
				GCC_WARN_UNUSED_FUNCTION = YES;
				GCC_WARN_UNUSED_VARIABLE = YES;
				IPHONEOS_DEPLOYMENT_TARGET = 9.0;
				MTL_ENABLE_DEBUG_INFO = NO;
				SDKROOT = iphoneos;
				TARGETED_DEVICE_FAMILY = "1,2";
				VALIDATE_PRODUCT = YES;
			};
			name = Release;
		};
		E1E389D21B426D9D006258AC /* Debug */ = {
			isa = XCBuildConfiguration;
			baseConfigurationReference = B4FFFCB734417532255E82B7 /* Pods-WKRecipes.debug.xcconfig */;
			buildSettings = {
				ASSETCATALOG_COMPILER_APPICON_NAME = AppIcon;
				CODE_SIGN_IDENTITY = "iPhone Developer";
				"CODE_SIGN_IDENTITY[sdk=iphoneos*]" = "iPhone Developer";
				INFOPLIST_FILE = WKRecipes/Info.plist;
				LD_RUNPATH_SEARCH_PATHS = "$(inherited) @executable_path/Frameworks";
				PRODUCT_BUNDLE_IDENTIFIER = com.llv23.dream2true.WKRecipes;
				PRODUCT_NAME = "$(TARGET_NAME)";
				PROVISIONING_PROFILE = "";
			};
			name = Debug;
		};
		E1E389D31B426D9D006258AC /* Release */ = {
			isa = XCBuildConfiguration;
			baseConfigurationReference = DE1028BCE698D0813FCD4E8F /* Pods-WKRecipes.release.xcconfig */;
			buildSettings = {
				ASSETCATALOG_COMPILER_APPICON_NAME = AppIcon;
				CODE_SIGN_IDENTITY = "iPhone Developer";
				"CODE_SIGN_IDENTITY[sdk=iphoneos*]" = "iPhone Developer";
				INFOPLIST_FILE = WKRecipes/Info.plist;
				LD_RUNPATH_SEARCH_PATHS = "$(inherited) @executable_path/Frameworks";
				PRODUCT_BUNDLE_IDENTIFIER = com.llv23.dream2true.WKRecipes;
				PRODUCT_NAME = "$(TARGET_NAME)";
				PROVISIONING_PROFILE = "";
			};
			name = Release;
		};
		E1E389D51B426D9D006258AC /* Debug */ = {
			isa = XCBuildConfiguration;
			baseConfigurationReference = 87C7937ACE4251EB873AE718 /* Pods-WKRecipesTests.debug.xcconfig */;
			buildSettings = {
				BUNDLE_LOADER = "$(TEST_HOST)";
				INFOPLIST_FILE = WKRecipesTests/Info.plist;
				LD_RUNPATH_SEARCH_PATHS = "$(inherited) @executable_path/Frameworks @loader_path/Frameworks";
				PRODUCT_BUNDLE_IDENTIFIER = com.llv23.dream2true.WKRecipesTests;
				PRODUCT_NAME = "$(TARGET_NAME)";
				TEST_HOST = "$(BUILT_PRODUCTS_DIR)/WKRecipes.app/WKRecipes";
			};
			name = Debug;
		};
		E1E389D61B426D9D006258AC /* Release */ = {
			isa = XCBuildConfiguration;
			baseConfigurationReference = 5BA0F9E0BF0C7C6539DB339B /* Pods-WKRecipesTests.release.xcconfig */;
			buildSettings = {
				BUNDLE_LOADER = "$(TEST_HOST)";
				INFOPLIST_FILE = WKRecipesTests/Info.plist;
				LD_RUNPATH_SEARCH_PATHS = "$(inherited) @executable_path/Frameworks @loader_path/Frameworks";
				PRODUCT_BUNDLE_IDENTIFIER = com.llv23.dream2true.WKRecipesTests;
				PRODUCT_NAME = "$(TARGET_NAME)";
				TEST_HOST = "$(BUILT_PRODUCTS_DIR)/WKRecipes.app/WKRecipes";
			};
			name = Release;
		};
		E1E389D81B426D9D006258AC /* Debug */ = {
			isa = XCBuildConfiguration;
			buildSettings = {
				INFOPLIST_FILE = WKRecipesUITests/Info.plist;
				LD_RUNPATH_SEARCH_PATHS = "$(inherited) @executable_path/Frameworks @loader_path/Frameworks";
				PRODUCT_BUNDLE_IDENTIFIER = com.llv23.dream2true.WKRecipesUITests;
				PRODUCT_NAME = "$(TARGET_NAME)";
				TEST_TARGET_NAME = WKRecipes;
				USES_XCTRUNNER = YES;
			};
			name = Debug;
		};
		E1E389D91B426D9D006258AC /* Release */ = {
			isa = XCBuildConfiguration;
			buildSettings = {
				INFOPLIST_FILE = WKRecipesUITests/Info.plist;
				LD_RUNPATH_SEARCH_PATHS = "$(inherited) @executable_path/Frameworks @loader_path/Frameworks";
				PRODUCT_BUNDLE_IDENTIFIER = com.llv23.dream2true.WKRecipesUITests;
				PRODUCT_NAME = "$(TARGET_NAME)";
				TEST_TARGET_NAME = WKRecipes;
				USES_XCTRUNNER = YES;
			};
			name = Release;
		};
/* End XCBuildConfiguration section */

/* Begin XCConfigurationList section */
		E1E389A11B426D9C006258AC /* Build configuration list for PBXProject "WKRecipes" */ = {
			isa = XCConfigurationList;
			buildConfigurations = (
				E1E389CF1B426D9D006258AC /* Debug */,
				E1E389D01B426D9D006258AC /* Release */,
			);
			defaultConfigurationIsVisible = 0;
			defaultConfigurationName = Release;
		};
		E1E389D11B426D9D006258AC /* Build configuration list for PBXNativeTarget "WKRecipes" */ = {
			isa = XCConfigurationList;
			buildConfigurations = (
				E1E389D21B426D9D006258AC /* Debug */,
				E1E389D31B426D9D006258AC /* Release */,
			);
			defaultConfigurationIsVisible = 0;
			defaultConfigurationName = Release;
		};
		E1E389D41B426D9D006258AC /* Build configuration list for PBXNativeTarget "WKRecipesTests" */ = {
			isa = XCConfigurationList;
			buildConfigurations = (
				E1E389D51B426D9D006258AC /* Debug */,
				E1E389D61B426D9D006258AC /* Release */,
			);
			defaultConfigurationIsVisible = 0;
			defaultConfigurationName = Release;
		};
		E1E389D71B426D9D006258AC /* Build configuration list for PBXNativeTarget "WKRecipesUITests" */ = {
			isa = XCConfigurationList;
			buildConfigurations = (
				E1E389D81B426D9D006258AC /* Debug */,
				E1E389D91B426D9D006258AC /* Release */,
			);
			defaultConfigurationIsVisible = 0;
			defaultConfigurationName = Release;
		};
/* End XCConfigurationList section */

/* Begin XCVersionGroup section */
		E1E389B01B426D9D006258AC /* WKRecipes.xcdatamodeld */ = {
			isa = XCVersionGroup;
			children = (
				E1E389B11B426D9D006258AC /* WKRecipes.xcdatamodel */,
			);
			currentVersion = E1E389B11B426D9D006258AC /* WKRecipes.xcdatamodel */;
			path = WKRecipes.xcdatamodeld;
			sourceTree = "<group>";
			versionGroupType = wrapper.xcdatamodel;
		};
/* End XCVersionGroup section */
	};
	rootObject = E1E3899E1B426D9C006258AC /* Project object */;
}
